
Microsoft Visual Studio Solution File, Format Version 12.00
# Visual Studio Version 16
VisualStudioVersion = 16.0.29709.97
MinimumVisualStudioVersion = 10.0.40219.1
Project("{FAE04EC0-301F-11D3-BF4B-00C04F79EFBC}") = "tech", "tech\tech.csproj", "{370910C4-5161-4880-BB22-CD8FE8C607A5}"
EndProject
Project("{FAE04EC0-301F-11D3-BF4B-00C04F79EFBC}") = "tech.Tests", "tech.Tests\tech.Tests.csproj", "{6D779E02-0233-465D-976D-41F255FCAC76}"
EndProject
Global
	GlobalSection(SolutionConfigurationPlatforms) = preSolution
		Debug|Any CPU = Debug|Any CPU
		Release|Any CPU = Release|Any CPU
	EndGlobalSection
	GlobalSection(ProjectConfigurationPlatforms) = postSolution
		{370910C4-5161-4880-BB22-CD8FE8C607A5}.Debug|Any CPU.ActiveCfg = Debug|Any CPU
		{370910C4-5161-4880-BB22-CD8FE8C607A5}.Debug|Any CPU.Build.0 = Debug|Any CPU
		{370910C4-5161-4880-BB22-CD8FE8C607A5}.Release|Any CPU.ActiveCfg = Release|Any CPU
		{370910C4-5161-4880-BB22-CD8FE8C607A5}.Release|Any CPU.Build.0 = Release|Any CPU
		{6D779E02-0233-465D-976D-41F255FCAC76}.Debug|Any CPU.ActiveCfg = Debug|Any CPU
		{6D779E02-0233-465D-976D-41F255FCAC76}.Debug|Any CPU.Build.0 = Debug|Any CPU
		{6D779E02-0233-465D-976D-41F255FCAC76}.Release|Any CPU.ActiveCfg = Release|Any CPU
		{6D779E02-0233-465D-976D-41F255FCAC76}.Release|Any CPU.Build.0 = Release|Any CPU
	EndGlobalSection
	GlobalSection(SolutionProperties) = preSolution
		HideSolutionNode = FALSE
	EndGlobalSection
	GlobalSection(ExtensibilityGlobals) = postSolution
		SolutionGuid = {DFEA8EE5-318C-4C9C-AECD-A4D378CF8FCB}
	EndGlobalSection
EndGlobal
